GEM
  remote: https://rubygems.org/
  specs:
    addressable (2.9.0)
      public_suffix (>= 2.0.2, < 8.0)
    benchmark-ips (2.14.0)
    css_parser (2.2.0)
      addressable
    csv (3.3.5)
    htmlentities (4.4.2)
    memory_profiler (1.1.0)
    nokogiri (1.19.3-aarch64-linux-gnu)
      racc (~> 1.4)
    nokogiri (1.19.3-aarch64-linux-musl)
      racc (~> 1.4)
    nokogiri (1.19.3-arm-linux-gnu)
      racc (~> 1.4)
    nokogiri (1.19.3-arm-linux-musl)
      racc (~> 1.4)
    nokogiri (1.19.3-arm64-darwin)
      racc (~> 1.4)
    nokogiri (1.19.3-x86_64-darwin)
      racc (~> 1.4)
    nokogiri (1.19.3-x86_64-linux-gnu)
      racc (~> 1.4)
    nokogiri (1.19.3-x86_64-linux-musl)
      racc (~> 1.4)
    premailer (1.29.0)
      addressable
      css_parser (>= 1.19.0)
      htmlentities (>= 4.0.0)
    public_suffix (7.0.5)
    racc (1.8.1)
    terminal-table (4.0.0)
      unicode-display_width (>= 1.1.1, < 4)
    unicode-display_width (3.2.0)
      unicode-emoji (~> 4.1)
    unicode-emoji (4.2.0)

PLATFORMS
  aarch64-linux-gnu
  aarch64-linux-musl
  arm-linux-gnu
  arm-linux-musl
  arm64-darwin
  x86_64-darwin
  x86_64-linux-gnu
  x86_64-linux-musl

DEPENDENCIES
  benchmark-ips (~> 2.14)
  csv (~> 3.3)
  memory_profiler (~> 1.1)
  nokogiri (~> 1.19)
  premailer (~> 1.29)
  terminal-table (~> 4.0)

CHECKSUMS
  addressable (2.9.0) sha256=7fdf6ac3660f7f4e867a0838be3f6cf722ace541dd97767fa42bc6cfa980c7af
  benchmark-ips (2.14.0) sha256=b72bc8a65d525d5906f8cd94270dccf73452ee3257a32b89fbd6684d3e8a9b1d
  css_parser (2.2.0) sha256=23d1b247d7bc78cb2f2fe54629fb755e68d3004f1d1bd5c66d5096d42bff6325
  csv (3.3.5) sha256=6e5134ac3383ef728b7f02725d9872934f523cb40b961479f69cf3afa6c8e73f
  htmlentities (4.4.2) sha256=bbafbdf69f2eca9262be4efef7e43e6a1de54c95eb600f26984f71d2fe96c5c3
  memory_profiler (1.1.0) sha256=79a17df7980a140c83c469785905409d3027ca614c42c086089d128b805aa8f8
  nokogiri (1.19.3-aarch64-linux-gnu) sha256=46b89e5d7b9e844c2ee360794240c6ea2a4e6fa0c5892a4ed487db621224b639
  nokogiri (1.19.3-aarch64-linux-musl) sha256=8392dfdcd21be7a94dbbe9ccc138dea01b97b24cb2dc02a114ca98bfb1d9a0b7
  nokogiri (1.19.3-arm-linux-gnu) sha256=3919d5ffc334ad778a4a9eb88fda7dcb8b1fb58c8a52ac640c6dcd2f038e774f
  nokogiri (1.19.3-arm-linux-musl) sha256=9ce1cb6346bb9c67b1550eb537aa183ead91e4b6eadb2f36ade02d8dd2a79fb6
  nokogiri (1.19.3-arm64-darwin) sha256=71b9bd424b1b7abc18b05052a1a3cfd3627abdca62be280854cc411791357e42
  nokogiri (1.19.3-x86_64-darwin) sha256=77f3fba57d46c53ab31e62fc6c28f705109d1bf6264356c76f132b2be5728d4d
  nokogiri (1.19.3-x86_64-linux-gnu) sha256=2f5078620fe12e83669b5b17311b32532a8153d02eee7ad06948b926d6080976
  nokogiri (1.19.3-x86_64-linux-musl) sha256=248c906d2166eca5efb56d52fdee5f9a1f51d69a72e2b64fdac647b4ce39ea3f
  premailer (1.29.0) sha256=015f30c520701f3d47fd898886a3eaf4e5171efcc5fd239b872efd1ba61d3da0
  public_suffix (7.0.5) sha256=1a8bb08f1bbea19228d3bed6e5ed908d1cb4f7c2726d18bd9cadf60bc676f623
  racc (1.8.1) sha256=4a7f6929691dbec8b5209a0b373bc2614882b55fc5d2e447a21aaa691303d62f
  terminal-table (4.0.0) sha256=f504793203f8251b2ea7c7068333053f0beeea26093ec9962e62ea79f94301d2
  unicode-display_width (3.2.0) sha256=0cdd96b5681a5949cdbc2c55e7b420facae74c4aaf9a9815eee1087cb1853c42
  unicode-emoji (4.2.0) sha256=519e69150f75652e40bf736106cfbc8f0f73aa3fb6a65afe62fefa7f80b0f80f

RUBY VERSION
  ruby 4.0.4

BUNDLED WITH
  4.0.10
